
Microsoft Visual Studio Solution File, Format Version 12.00
# Visual Studio Version 16
VisualStudioVersion = 16.0.30503.244
MinimumVisualStudioVersion = 10.0.40219.1
Project("{9A19103F-16F7-4668-BE54-9A1E7A4F7556}") = "CoreBOTLUISQNA", "CoreBOTLUISQNA\CoreBOTLUISQNA.csproj", "{37B394B3-8255-4786-B328-C0164C82D020}"
EndProject
Global
	GlobalSection(SolutionConfigurationPlatforms) = preSolution
		Debug|Any CPU = Debug|Any CPU
		Release|Any CPU = Release|Any CPU
	EndGlobalSection
	GlobalSection(ProjectConfigurationPlatforms) = postSolution
		{37B394B3-8255-4786-B328-C0164C82D020}.Debug|Any CPU.ActiveCfg = Debug|Any CPU
		{37B394B3-8255-4786-B328-C0164C82D020}.Debug|Any CPU.Build.0 = Debug|Any CPU
		{37B394B3-8255-4786-B328-C0164C82D020}.Release|Any CPU.ActiveCfg = Release|Any CPU
		{37B394B3-8255-4786-B328-C0164C82D020}.Release|Any CPU.Build.0 = Release|Any CPU
	EndGlobalSection
	GlobalSection(SolutionProperties) = preSolution
		HideSolutionNode = FALSE
	EndGlobalSection
	GlobalSection(ExtensibilityGlobals) = postSolution
		SolutionGuid = {59A7FC14-C410-4B8E-B21A-1CB76E9846AC}
	EndGlobalSection
EndGlobal
